{
    "_meta": {
        "hash": {
            "sha256": "61cfc57f11ade2f02326cd1dd8e620af9bc8a76672d84ace76ebbb5b4095b292"
        },
        "pipfile-spec": 6,
        "requires": {
            "python_version": "3.7"
        },
        "sources": [
            {
                "name": "pypi",
                "url": "https://pypi.org/simple",
                "verify_ssl": true
            }
        ]
    },
    "default": {
        "argcomplete": {
            "hashes": [
                "sha256:7a2ccde074eb6631232b2f91f8d8d5985d5bebf0e36b091113096e3a0385546b",
                "sha256:c2a0a88492c31a42dde41636fbd4c406cde78fe7fb938ab511b733bff6358782"
            ],
            "version": "==1.8.2"
        },
        "beautifulsoup4": {
            "hashes": [
                "sha256:0a91347d5a4ab2196407ff4d3d758f2e712cae9bdfa3fd1eb0f83edea95e0d8d",
                "sha256:50e031957fe5d72c7ff6c10575d07b83a6462d12d12af03666b0dd1d9aa81c43",
                "sha256:b21ca09366fa596043578fd4188b052b46634d22059e68dd0077d9ee77e08a3e"
            ],
            "version": "==4.5.3"
        },
        "chardet": {
            "hashes": [
                "sha256:aaf514bde38020b4f1e42c6a6e141f2827a8a58ccfc3b22b6ff5a1a4b50be56e",
                "sha256:e53e38b3a4afe6d1132de62b7400a4ac363452dc5dfcf8d88e8e0cce663c68aa"
            ],
            "index": "pypi",
            "version": "==2.3.0"
        },
        "docx2txt": {
            "hashes": [
                "sha256:24740c6574c5e483afc589206df4ab493b2495d4ae07f1ccb6125e5b8bfe1338"
            ],
            "version": "==0.6"
        },
        "ebooklib": {
            "hashes": [
                "sha256:cba18893047b27cdc516ba61e05b76da5f087a3c3dd69c3121dda415fd3e9be1"
            ],
            "version": "==0.15"
        },
        "lxml": {
            "hashes": [
                "sha256:02bc220d61f46e9b9d5a53c361ef95e9f5e1d27171cd461dddb17677ae2289a5",
                "sha256:22f253b542a342755f6cfc047fe4d3a296515cf9b542bc6e261af45a80b8caf6",
                "sha256:2f31145c7ff665b330919bfa44aacd3a0211a76ca7e7b441039d2a0b0451e415",
                "sha256:36720698c29e7a9626a0dc802ef8885f8f0239bfd1689628ecd459a061f2807f",
                "sha256:438a1b0203545521f6616132bfe0f4bca86f8a401364008b30e2b26ec408ce85",
                "sha256:4815892904c336bbaf73dafd54f45f69f4021c22b5bad7332176bbf4fb830568",
                "sha256:5be031b0f15ad63910d8e5038b489d95a79929513b3634ad4babf77100602588",
                "sha256:5c93ae37c3c588e829b037fdfbd64a6e40c901d3f93f7beed6d724c44829a3ad",
                "sha256:60842230678674cdac4a1cf0f707ef12d75b9a4fc4a565add4f710b5fcf185d5",
                "sha256:62939a8bb6758d1bf923aa1c13f0bcfa9bf5b2fc0f5fa917a6e25db5fe0cfa4e",
                "sha256:75830c06a62fe7b8fe3bbb5f269f0b308f19f3949ac81cfd40062f47c1455faf",
                "sha256:81992565b74332c7c1aff6a913a3e906771aa81c9d0c68c68113cffcae45bc53",
                "sha256:8c892fb0ee52c594d9a7751c7d7356056a9682674b92cc1c4dc968ff0f30c52f",
                "sha256:9d862e3cf4fc1f2837dedce9c42269c8c76d027e49820a548ac89fdcee1e361f",
                "sha256:a623965c086a6e91bb703d4da62dabe59fe88888e82c4117d544e11fd74835d6",
                "sha256:a7783ab7f6a508b0510490cef9f857b763d796ba7476d9703f89722928d1e113",
                "sha256:aab09fbe8abfa3b9ce62aaf45aca2d28726b1b9ee44871dbe644050a2fff4940",
                "sha256:abf181934ac3ef193832fb973fd7f6149b5c531903c2ec0f1220941d73eee601",
                "sha256:ae07fa0c115733fce1e9da96a3ac3fa24801742ca17e917e0c79d63a01eeb843",
                "sha256:b9c78242219f674ab645ec571c9a95d70f381319a23911941cd2358a8e0521cf",
                "sha256:bccb267678b870d9782c3b44d0cefe3ba0e329f9af8c946d32bf3778e7a4f271",
                "sha256:c4df4d27f4c93b2cef74579f00b1d3a31a929c7d8023f870c4b476f03a274db4",
                "sha256:caf0e50b546bb60dfa99bb18dfa6748458a83131ecdceaf5c071d74907e7e78a",
                "sha256:d3266bd3ac59ac4edcd5fa75165dee80b94a3e5c91049df5f7c057ccf097551c",
                "sha256:db0d213987bcd4e6d41710fb4532b22315b0d8fb439ff901782234456556aed1",
                "sha256:dbbd5cf7690a40a9f0a9325ab480d0fccf46d16b378eefc08e195d84299bfae1",
                "sha256:e16e07a0ec3a75b5ee61f2b1003c35696738f937dc8148fbda9fe2147ccb6e61",
                "sha256:e175a006725c7faadbe69e791877d09936c0ef2cf49d01b60a6c1efcb0e8be6f",
                "sha256:edd9c13a97f6550f9da2236126bb51c092b3b1ce6187f2bd966533ad794bbb5e",
                "sha256:fa39ea60d527fbdd94215b5e5552f1c6a912624521093f1384a491a8ad89ad8b"
            ],
            "version": "==4.2.5"
        },
        "nltk": {
            "hashes": [
                "sha256:286f6797204ffdb52525a1d21ec0a221ec68b8e3fa4f2d25f412ac8e63c70e8d"
            ],
            "index": "pypi",
            "version": "==3.4"
        },
        "pdfminer-six": {
            "hashes": [
                "sha256:f04d029d1d3e58c87da51bdefef2e9a1dbf2d7b63f727dd2a3e36054f5ae96ea"
            ],
            "index": "pypi",
            "version": "==20181108"
        },
        "pdftotext": {
            "hashes": [
                "sha256:e3ad11efe0aa22cbfc46aa1296b2ea5a52ad208b778288311f2801adef178ccb"
            ],
            "index": "pypi",
            "version": "==2.1.1"
        },
        "pillow": {
            "hashes": [
                "sha256:c5e2be6c263b64f6f7656e23e18a4a9980cffc671442795682e8c4e4f815dd9f"
            ],
            "version": "==5.3.0"
        },
        "pocketsphinx": {
            "hashes": [
                "sha256:2b06fea365b55a40a0e51510b1b62a1575f264a38516ad20b940c133d569f6ef",
                "sha256:42c82f117009a7355f281932a5fe6bee1f68a432631712241c60d207ef267931",
                "sha256:59f6de8ec032dccf059e0c5c9f1a21df553b9cfb6f4d5ebcfe580634c849f376",
                "sha256:919503baba39604d6f1b8017a8fc239c41f77c7646748a0cc077001579a0bade",
                "sha256:9f932d7a6e2ec04ea8f0b019537fa0c92e702a226a02007223c55a46606c9568",
                "sha256:ac125aadefc85ab78706a4d18ae66c3dcf89eb9e2a0cbd88c7a6086df420346d",
                "sha256:ccdc5fb5591649cd0edcdde541bc813b5f74bf5dd04872b937e551732eaa6847",
                "sha256:f6bfa8e9a08026c46061364f59e9af8b0f4049142d4f155d9f07229d9b2d8281",
                "sha256:fdbf33d926aece1c56fc7772fe7763f371eb8b0029ed85b498558aba15a8eb21"
            ],
            "version": "==0.1.3"
        },
        "pycryptodome": {
            "hashes": [
                "sha256:04eda25b5260562dc67557758bcded8693e68d2960063de5645565e633d8aa80",
                "sha256:0c2dfb750bd34fc272435b784d7b1dd74dd5e46942fe41b58513edb4c635589e",
                "sha256:0c47eecea0837f197ff75ed47c7895768de00212e8c20d3da5628c3d0fc3b218",
                "sha256:1fead738aab86a427826dd63e5f95dac59c7a94bf3e68329461b903450248736",
                "sha256:36e89ed59cbaca1e74aedfa844859f5181809eb3983de0b66860980a8596dcd3",
                "sha256:437c2fba3fd8a0c6f44edaa9cd800abe8b3ffb4fd3141eb7536b333aee40e2fc",
                "sha256:4444a26fc3830c0d438bca6975ff10d1eb9c0b88f747fdc25b5ab81fb46713d7",
                "sha256:51c2fd97ab0f8b37a528817ae28713e6afa367b179c86293ca0162d849d77eb0",
                "sha256:51f37ccae9a88c64d000cfec58cfb59963463e8b92e43b126978abbee9f5af8c",
                "sha256:54789e4f2c60f5c37f9e43b688d51965fab65ce3e9e352ff8ee03543ec7eef58",
                "sha256:70b8757a7df5a993c778bebf29583b7cb77fa80975ab383381d1fb89717f4e46",
                "sha256:7e4554a2248773477ff61bae461ab301cbf1e1c21efeda0368ac410a0ff2fb68",
                "sha256:820dd2404241ef14134f28a1f8f47ea7e323c32763890f463412fe76175d1897",
                "sha256:86c82278471431deba734f439555ef260f7d84072568268eea654c2beb7568dd",
                "sha256:881f88bf088985dce9cd9eff9c926deba2ff1fe0ae206d58acfb7059c00fb913",
                "sha256:8c71bdfae281a741d369a6203d63eba99cf9ee96cf64cd02b40b44db8b8253bd",
                "sha256:8fe36931e7c5cb5483e97e5f68f34bc4f4be6e976d1fbb2ff502f763874e7919",
                "sha256:93390e353d6f557dc383c4c907d7b5009b92d6adcbdc2c1d89dcb7e2cb4cbb8e",
                "sha256:9e6b94f2ee0aa6613157fc22c6fb71f7f11c6c895df35d9e7f8977d0d29da57c",
                "sha256:acd75781622231fd00aecbd60494aacae54e7afee67ad89e8e22a04a411c07e1",
                "sha256:b68975f6f88cba021b4286f2c2f8ae863a3b831490964f2a4771193fad1f6fcf",
                "sha256:b6a574d71988ed01c36150ca7a54904eb93be8c3fa0aac6c646fc01bdeaee9ca",
                "sha256:bbbc5803c5c7a63e560672ff8f292e1ecc63477983fc9b705aaefdd0b12f29f4",
                "sha256:da6527b8b3ec022fb9d142652126fdeb9ce8521ef6cadbb1e762d1ef75be6f35",
                "sha256:dca327ec8750b5cb08bc2c3eecf629f46e4ec18a8ba318d0c6faf16ae53da0a6",
                "sha256:e37d42dad62fd75db3eb2af6236a234a177e0aca2b73fafa5d54aa1ebd74e936",
                "sha256:eb9b668dd9dddaa8f1bcd8052a80dea38c0c55a917c3dbe10f34b9882e6310f1",
                "sha256:f35b2aa23644a0b8b842b5237abee66dd225888dd4112613469ddcfe870da6dd"
            ],
            "version": "==3.7.0"
        },
        "python-pptx": {
            "hashes": [
                "sha256:67926906d088e28f6ad2174f1c6512c4a3507aa9cc2b252cb2fa9698b0588c86"
            ],
            "version": "==0.6.5"
        },
        "singledispatch": {
            "hashes": [
                "sha256:5b06af87df13818d14f08a028e42f566640aef80805c3b50c5056b086e3c2b9c",
                "sha256:833b46966687b3de7f438c761ac475213e53b306740f1abfaa86e1d1aae56aa8"
            ],
            "version": "==3.4.0.3"
        },
        "six": {
            "hashes": [
                "sha256:0ff78c403d9bccf5a425a6d31a12aa6b47f1c21ca4dc2573a7e2f32a97335eb1",
                "sha256:105f8d68616f8248e24bf0e9372ef04d3cc10104f1980f54d57b2ce73a5ad56a"
            ],
            "version": "==1.10.0"
        },
        "sortedcontainers": {
            "hashes": [
                "sha256:974e9a32f56b17c1bac2aebd9dcf197f3eb9cd30553c5852a3187ad162e1a03a",
                "sha256:d9e96492dd51fae31e60837736b38fe42a187b5404c16606ff7ee7cd582d4c60"
            ],
            "version": "==2.1.0"
        },
        "speechrecognition": {
            "hashes": [
                "sha256:2d141161e6066a2e5e0b45cb8ede0ea2ac8b398d9ddf7629593580f82fa24b03"
            ],
            "version": "==3.6.3"
        },
        "textract": {
            "hashes": [
                "sha256:86b31dccdde8a31a0f5f307ae384590ba1f7ebd09640acd15f1b178a0b02c557"
            ],
            "index": "pypi",
            "version": "==1.6.1"
        },
        "xlrd": {
            "hashes": [
                "sha256:05f55eb39a68f1c3d336de186aeb90c98ea5add722813738d8ae8b97819c5924",
                "sha256:0ff87dd5d50425084f7219cb6f86bb3eb5aa29063f53d50bf270ed007e941069"
            ],
            "version": "==1.0.0"
        },
        "xlsxwriter": {
            "hashes": [
                "sha256:7cc07619760641b67112dbe0df938399d4d915d9b9924bb58eb5c17384d29cc6"
            ],
            "version": "==1.1.2"
        }
    },
    "develop": {}
}
