{
    "_meta": {
        "hash": {
            "sha256": "dfc0e7d31db7d816af4de26c0985cf5a681dfe0fabec88cb4ad98f7c4f9bc79d"
        },
        "pipfile-spec": 6,
        "requires": {
            "python_version": "3.7"
        },
        "sources": [
            {
                "name": "pypi",
                "url": "https://pypi.org/simple",
                "verify_ssl": true
            }
        ]
    },
    "default": {
        "nltk": {
            "hashes": [
                "sha256:286f6797204ffdb52525a1d21ec0a221ec68b8e3fa4f2d25f412ac8e63c70e8d"
            ],
            "index": "pypi",
            "version": "==3.4"
        },
        "pdfminer-six": {
            "hashes": [
                "sha256:f04d029d1d3e58c87da51bdefef2e9a1dbf2d7b63f727dd2a3e36054f5ae96ea"
            ],
            "index": "pypi",
            "version": "==20181108"
        },
        "pdftotext": {
            "hashes": [
                "sha256:e3ad11efe0aa22cbfc46aa1296b2ea5a52ad208b778288311f2801adef178ccb"
            ],
            "index": "pypi",
            "version": "==2.1.1"
        },
        "pycryptodome": {
            "hashes": [
                "sha256:04eda25b5260562dc67557758bcded8693e68d2960063de5645565e633d8aa80",
                "sha256:0c2dfb750bd34fc272435b784d7b1dd74dd5e46942fe41b58513edb4c635589e",
                "sha256:0c47eecea0837f197ff75ed47c7895768de00212e8c20d3da5628c3d0fc3b218",
                "sha256:1fead738aab86a427826dd63e5f95dac59c7a94bf3e68329461b903450248736",
                "sha256:36e89ed59cbaca1e74aedfa844859f5181809eb3983de0b66860980a8596dcd3",
                "sha256:437c2fba3fd8a0c6f44edaa9cd800abe8b3ffb4fd3141eb7536b333aee40e2fc",
                "sha256:4444a26fc3830c0d438bca6975ff10d1eb9c0b88f747fdc25b5ab81fb46713d7",
                "sha256:51c2fd97ab0f8b37a528817ae28713e6afa367b179c86293ca0162d849d77eb0",
                "sha256:51f37ccae9a88c64d000cfec58cfb59963463e8b92e43b126978abbee9f5af8c",
                "sha256:54789e4f2c60f5c37f9e43b688d51965fab65ce3e9e352ff8ee03543ec7eef58",
                "sha256:70b8757a7df5a993c778bebf29583b7cb77fa80975ab383381d1fb89717f4e46",
                "sha256:7e4554a2248773477ff61bae461ab301cbf1e1c21efeda0368ac410a0ff2fb68",
                "sha256:820dd2404241ef14134f28a1f8f47ea7e323c32763890f463412fe76175d1897",
                "sha256:86c82278471431deba734f439555ef260f7d84072568268eea654c2beb7568dd",
                "sha256:881f88bf088985dce9cd9eff9c926deba2ff1fe0ae206d58acfb7059c00fb913",
                "sha256:8c71bdfae281a741d369a6203d63eba99cf9ee96cf64cd02b40b44db8b8253bd",
                "sha256:8fe36931e7c5cb5483e97e5f68f34bc4f4be6e976d1fbb2ff502f763874e7919",
                "sha256:93390e353d6f557dc383c4c907d7b5009b92d6adcbdc2c1d89dcb7e2cb4cbb8e",
                "sha256:9e6b94f2ee0aa6613157fc22c6fb71f7f11c6c895df35d9e7f8977d0d29da57c",
                "sha256:acd75781622231fd00aecbd60494aacae54e7afee67ad89e8e22a04a411c07e1",
                "sha256:b68975f6f88cba021b4286f2c2f8ae863a3b831490964f2a4771193fad1f6fcf",
                "sha256:b6a574d71988ed01c36150ca7a54904eb93be8c3fa0aac6c646fc01bdeaee9ca",
                "sha256:bbbc5803c5c7a63e560672ff8f292e1ecc63477983fc9b705aaefdd0b12f29f4",
                "sha256:da6527b8b3ec022fb9d142652126fdeb9ce8521ef6cadbb1e762d1ef75be6f35",
                "sha256:dca327ec8750b5cb08bc2c3eecf629f46e4ec18a8ba318d0c6faf16ae53da0a6",
                "sha256:e37d42dad62fd75db3eb2af6236a234a177e0aca2b73fafa5d54aa1ebd74e936",
                "sha256:eb9b668dd9dddaa8f1bcd8052a80dea38c0c55a917c3dbe10f34b9882e6310f1",
                "sha256:f35b2aa23644a0b8b842b5237abee66dd225888dd4112613469ddcfe870da6dd"
            ],
            "version": "==3.7.0"
        },
        "singledispatch": {
            "hashes": [
                "sha256:5b06af87df13818d14f08a028e42f566640aef80805c3b50c5056b086e3c2b9c",
                "sha256:833b46966687b3de7f438c761ac475213e53b306740f1abfaa86e1d1aae56aa8"
            ],
            "version": "==3.4.0.3"
        },
        "six": {
            "hashes": [
                "sha256:70e8a77beed4562e7f14fe23a786b54f6296e34344c23bc42f07b15018ff98e9",
                "sha256:832dc0e10feb1aa2c68dcc57dbb658f1c7e65b9b61af69048abc87a2db00a0eb"
            ],
            "version": "==1.11.0"
        },
        "slate": {
            "hashes": [
                "sha256:0154140ae3d622672aed9d9492292bfd767b6758e09caadcf183de4e220ea94f"
            ],
            "index": "pypi",
            "version": "==0.3"
        },
        "sortedcontainers": {
            "hashes": [
                "sha256:974e9a32f56b17c1bac2aebd9dcf197f3eb9cd30553c5852a3187ad162e1a03a",
                "sha256:d9e96492dd51fae31e60837736b38fe42a187b5404c16606ff7ee7cd582d4c60"
            ],
            "version": "==2.1.0"
        }
    },
    "develop": {}
}
